#MicroXplorer Configuration settings - do not modify
ADC1.Channel-0\#ChannelRegularConversion=ADC_CHANNEL_14
ADC1.IPParameters=Rank-0\#ChannelRegularConversion,Channel-0\#ChannelRegularConversion,SamplingTime-0\#ChannelRegularConversion,NbrOfConversionFlag,master
ADC1.NbrOfConversionFlag=1
ADC1.Rank-0\#ChannelRegularConversion=1
ADC1.SamplingTime-0\#ChannelRegularConversion=ADC_SAMPLETIME_3CYCLES
ADC1.master=1
CAN1.CalculateTimeBit=3000
CAN1.CalculateTimeQuantum=1000.0
CAN1.IPParameters=CalculateTimeQuantum,CalculateTimeBit
CAN2.CalculateTimeBit=3000
CAN2.CalculateTimeQuantum=1000.0
CAN2.IPParameters=CalculateTimeQuantum,CalculateTimeBit
File.Version=6
KeepUserPlacement=false
Mcu.Family=STM32F4
Mcu.IP0=ADC1
Mcu.IP1=CAN1
Mcu.IP10=USART1
Mcu.IP11=USART2
Mcu.IP12=USART3
Mcu.IP2=CAN2
Mcu.IP3=I2C1
Mcu.IP4=NVIC
Mcu.IP5=RCC
Mcu.IP6=SPI3
Mcu.IP7=SPI4
Mcu.IP8=SPI6
Mcu.IP9=SYS
Mcu.IPNb=13
Mcu.Name=STM32F429B(E-G-I)Tx
Mcu.Package=LQFP208
Mcu.Pin0=PE2
Mcu.Pin1=PE3
Mcu.Pin10=PI10
Mcu.Pin100=PK1
Mcu.Pin101=PK2
Mcu.Pin102=PG2
Mcu.Pin103=PG3
Mcu.Pin104=PG4
Mcu.Pin105=PG5
Mcu.Pin106=PG6
Mcu.Pin107=PG7
Mcu.Pin108=PG8
Mcu.Pin109=PC6
Mcu.Pin11=PI11
Mcu.Pin110=PC7
Mcu.Pin111=PC8
Mcu.Pin112=PC9
Mcu.Pin113=PA8
Mcu.Pin114=PA9
Mcu.Pin115=PA10
Mcu.Pin116=PA11
Mcu.Pin117=PA12
Mcu.Pin118=PA13
Mcu.Pin119=PH13
Mcu.Pin12=PF0
Mcu.Pin120=PH14
Mcu.Pin121=PH15
Mcu.Pin122=PI0
Mcu.Pin123=PI1
Mcu.Pin124=PI2
Mcu.Pin125=PI3
Mcu.Pin126=PA14
Mcu.Pin127=PA15
Mcu.Pin128=PC10
Mcu.Pin129=PC11
Mcu.Pin13=PF1
Mcu.Pin130=PC12
Mcu.Pin131=PD0
Mcu.Pin132=PD1
Mcu.Pin133=PD2
Mcu.Pin134=PD3
Mcu.Pin135=PD4
Mcu.Pin136=PD5
Mcu.Pin137=PD6
Mcu.Pin138=PD7
Mcu.Pin139=PJ12
Mcu.Pin14=PF2
Mcu.Pin140=PJ13
Mcu.Pin141=PJ14
Mcu.Pin142=PJ15
Mcu.Pin143=PG9
Mcu.Pin144=PG10
Mcu.Pin145=PG11
Mcu.Pin146=PG12
Mcu.Pin147=PG13
Mcu.Pin148=PG14
Mcu.Pin149=PK3
Mcu.Pin15=PI12
Mcu.Pin150=PK4
Mcu.Pin151=PK5
Mcu.Pin152=PK6
Mcu.Pin153=PK7
Mcu.Pin154=PG15
Mcu.Pin155=PB3
Mcu.Pin156=PB4
Mcu.Pin157=PB5
Mcu.Pin158=PB6
Mcu.Pin159=PB7
Mcu.Pin16=PI13
Mcu.Pin160=PB8
Mcu.Pin161=PB9
Mcu.Pin162=PE0
Mcu.Pin163=PE1
Mcu.Pin164=PI4
Mcu.Pin165=PI5
Mcu.Pin166=PI6
Mcu.Pin167=PI7
Mcu.Pin168=VP_SYS_VS_Systick
Mcu.Pin17=PI14
Mcu.Pin18=PF3
Mcu.Pin19=PF4
Mcu.Pin2=PE4
Mcu.Pin20=PF5
Mcu.Pin21=PF6
Mcu.Pin22=PF7
Mcu.Pin23=PF8
Mcu.Pin24=PF9
Mcu.Pin25=PF10
Mcu.Pin26=PH0/OSC_IN
Mcu.Pin27=PH1/OSC_OUT
Mcu.Pin28=PC0
Mcu.Pin29=PC1
Mcu.Pin3=PE5
Mcu.Pin30=PC2
Mcu.Pin31=PC3
Mcu.Pin32=PA0/WKUP
Mcu.Pin33=PA1
Mcu.Pin34=PA2
Mcu.Pin35=PH2
Mcu.Pin36=PH3
Mcu.Pin37=PH4
Mcu.Pin38=PH5
Mcu.Pin39=PA3
Mcu.Pin4=PE6
Mcu.Pin40=PA4
Mcu.Pin41=PA5
Mcu.Pin42=PA6
Mcu.Pin43=PA7
Mcu.Pin44=PC4
Mcu.Pin45=PC5
Mcu.Pin46=PB0
Mcu.Pin47=PB1
Mcu.Pin48=PB2/BOOT1
Mcu.Pin49=PI15
Mcu.Pin5=PI8
Mcu.Pin50=PJ0
Mcu.Pin51=PJ1
Mcu.Pin52=PJ2
Mcu.Pin53=PJ3
Mcu.Pin54=PJ4
Mcu.Pin55=PF11
Mcu.Pin56=PF12
Mcu.Pin57=PF13
Mcu.Pin58=PF14
Mcu.Pin59=PF15
Mcu.Pin6=PC13
Mcu.Pin60=PG0
Mcu.Pin61=PG1
Mcu.Pin62=PE7
Mcu.Pin63=PE8
Mcu.Pin64=PE9
Mcu.Pin65=PE10
Mcu.Pin66=PE11
Mcu.Pin67=PE12
Mcu.Pin68=PE13
Mcu.Pin69=PE14
Mcu.Pin7=PC14/OSC32_IN
Mcu.Pin70=PE15
Mcu.Pin71=PB10
Mcu.Pin72=PB11
Mcu.Pin73=PJ5
Mcu.Pin74=PH6
Mcu.Pin75=PH7
Mcu.Pin76=PH8
Mcu.Pin77=PH9
Mcu.Pin78=PH10
Mcu.Pin79=PH11
Mcu.Pin8=PC15/OSC32_OUT
Mcu.Pin80=PH12
Mcu.Pin81=PB12
Mcu.Pin82=PB13
Mcu.Pin83=PB14
Mcu.Pin84=PB15
Mcu.Pin85=PD8
Mcu.Pin86=PD9
Mcu.Pin87=PD10
Mcu.Pin88=PD11
Mcu.Pin89=PD12
Mcu.Pin9=PI9
Mcu.Pin90=PD13
Mcu.Pin91=PD14
Mcu.Pin92=PD15
Mcu.Pin93=PJ6
Mcu.Pin94=PJ7
Mcu.Pin95=PJ8
Mcu.Pin96=PJ9
Mcu.Pin97=PJ10
Mcu.Pin98=PJ11
Mcu.Pin99=PK0
Mcu.PinsNb=169
Mcu.UserConstants=
Mcu.UserName=STM32F429BITx
MxCube.Version=4.21.0
MxDb.Version=DB.4.0.210
NVIC.BusFault_IRQn=true\:0\:0\:false\:false\:false
NVIC.DebugMonitor_IRQn=true\:0\:0\:false\:false\:false
NVIC.HardFault_IRQn=true\:0\:0\:false\:false\:false
NVIC.MemoryManagement_IRQn=true\:0\:0\:false\:false\:false
NVIC.NonMaskableInt_IRQn=true\:0\:0\:false\:false\:false
NVIC.PendSV_IRQn=true\:0\:0\:false\:false\:false
NVIC.PriorityGroup=NVIC_PRIORITYGROUP_4
NVIC.SVCall_IRQn=true\:0\:0\:false\:false\:false
NVIC.SysTick_IRQn=true\:0\:0\:false\:false\:true
NVIC.UsageFault_IRQn=true\:0\:0\:false\:false\:false
PA0/WKUP.GPIOParameters=GPIO_Label
PA0/WKUP.GPIO_Label=VALVE1
PA0/WKUP.Locked=true
PA0/WKUP.Signal=S_TIM5_CH1
PA1.GPIOParameters=GPIO_Label
PA1.GPIO_Label=VALVE2
PA1.Locked=true
PA1.Signal=S_TIM2_CH2
PA10.GPIOParameters=GPIO_Label
PA10.GPIO_Label=UART1_RX
PA10.Mode=Asynchronous
PA10.Signal=USART1_RX
PA11.GPIOParameters=GPIO_Label
PA11.GPIO_Label=CAN1_RX
PA11.Locked=true
PA11.Mode=Master
PA11.Signal=CAN1_RX
PA12.GPIOParameters=GPIO_Label
PA12.GPIO_Label=CAN1_TX
PA12.Mode=Master
PA12.Signal=CAN1_TX
PA13.GPIOParameters=GPIO_Label
PA13.GPIO_Label=JTAG_TMS
PA13.Mode=JTAG_5_pins
PA13.Signal=SYS_JTMS-SWDIO
PA14.GPIOParameters=GPIO_Label
PA14.GPIO_Label=JTAG_TCK
PA14.Mode=JTAG_5_pins
PA14.Signal=SYS_JTCK-SWCLK
PA15.GPIOParameters=GPIO_Label
PA15.GPIO_Label=JTAG_TDI
PA15.Mode=JTAG_5_pins
PA15.Signal=SYS_JTDI
PA2.GPIOParameters=GPIO_Label
PA2.GPIO_Label=VALVE3
PA2.Locked=true
PA2.Signal=S_TIM2_CH3
PA3.GPIOParameters=GPIO_Label
PA3.GPIO_Label=VALVE4
PA3.Locked=true
PA3.Signal=S_TIM2_CH4
PA4.GPIOParameters=GPIO_Label
PA4.GPIO_Label=NC
PA4.Locked=true
PA4.Signal=GPIO_Input
PA5.GPIOParameters=GPIO_Label
PA5.GPIO_Label=VALVE5
PA5.Locked=true
PA5.Signal=S_TIM2_CH1_ETR
PA6.GPIOParameters=GPIO_Label
PA6.GPIO_Label=MOTOR2_STEP
PA6.Locked=true
PA6.Signal=S_TIM13_CH1
PA7.GPIOParameters=GPIO_Label
PA7.GPIO_Label=MOTOR3_STEP
PA7.Locked=true
PA7.Signal=S_TIM14_CH1
PA8.GPIOParameters=GPIO_Label
PA8.GPIO_Label=LED_660_S
PA8.Signal=GPIO_Output
PA9.GPIOParameters=GPIO_Label
PA9.GPIO_Label=UART1_TX
PA9.Mode=Asynchronous
PA9.Signal=USART1_TX
PB0.GPIOParameters=GPIO_Label
PB0.GPIO_Label=VALVE6
PB0.Locked=true
PB0.Signal=S_TIM3_CH3
PB1.GPIOParameters=GPIO_Label
PB1.GPIO_Label=VALVE7
PB1.Locked=true
PB1.Signal=S_TIM3_CH4
PB10.GPIOParameters=GPIO_Label
PB10.GPIO_Label=RS485_TXD
PB10.Mode=Asynchronous
PB10.Signal=USART3_TX
PB11.GPIOParameters=GPIO_Label
PB11.GPIO_Label=RS485_RXD
PB11.Mode=Asynchronous
PB11.Signal=USART3_RX
PB12.GPIOParameters=GPIO_Label
PB12.GPIO_Label=MOTOR3_RST_N
PB12.Locked=true
PB12.Signal=GPIO_Output
PB13.GPIOParameters=GPIO_Label
PB13.GPIO_Label=RS485_TXD
PB13.Locked=true
PB13.Mode=Slave
PB13.Signal=CAN2_TX
PB14.GPIOParameters=GPIO_Label
PB14.GPIO_Label=RS485_DIR
PB14.Locked=true
PB14.Signal=GPIO_Input
PB15.GPIOParameters=GPIO_Label
PB15.GPIO_Label=MOTOR3_CURR
PB15.Locked=true
PB15.Signal=GPIO_Output
PB2/BOOT1.Locked=true
PB2/BOOT1.Signal=GPIO_Input
PB3.GPIOParameters=GPIO_Label
PB3.GPIO_Label=JTAG_TDO
PB3.Mode=JTAG_5_pins
PB3.Signal=SYS_JTDO-SWO
PB4.GPIOParameters=GPIO_Label
PB4.GPIO_Label=JTAG_RST
PB4.Mode=JTAG_5_pins
PB4.Signal=SYS_JTRST
PB5.GPIOParameters=GPIO_Label
PB5.GPIO_Label=CAN2_RX
PB5.Locked=true
PB5.Mode=Slave
PB5.Signal=CAN2_RX
PB6.GPIOParameters=GPIO_Label
PB6.GPIO_Label=I2C1_SCK
PB6.Mode=I2C
PB6.Signal=I2C1_SCL
PB7.GPIOParameters=GPIO_Label
PB7.GPIO_Label=I2C1_SDA
PB7.Mode=I2C
PB7.Signal=I2C1_SDA
PB8.GPIOParameters=GPIO_Label
PB8.GPIO_Label=NC
PB8.Locked=true
PB8.Signal=GPIO_Input
PB9.GPIOParameters=GPIO_Label
PB9.GPIO_Label=NC
PB9.Locked=true
PB9.Signal=GPIO_Input
PC0.GPIOParameters=GPIO_Label
PC0.GPIO_Label=NC
PC0.Locked=true
PC0.Signal=GPIO_Input
PC1.GPIOParameters=GPIO_Label
PC1.GPIO_Label=NC
PC1.Locked=true
PC1.Signal=GPIO_Input
PC10.GPIOParameters=GPIO_Label
PC10.GPIO_Label=SPI3_SCLK
PC10.Mode=Full_Duplex_Master
PC10.Signal=SPI3_SCK
PC11.GPIOParameters=GPIO_Label
PC11.GPIO_Label=SPI3_MISO
PC11.Mode=Full_Duplex_Master
PC11.Signal=SPI3_MISO
PC12.GPIOParameters=GPIO_Label
PC12.GPIO_Label=SPI3_MOSI
PC12.Mode=Full_Duplex_Master
PC12.Signal=SPI3_MOSI
PC13.GPIOParameters=GPIO_Label
PC13.GPIO_Label=NC
PC13.Locked=true
PC13.Signal=GPIO_Input
PC14/OSC32_IN.Locked=true
PC14/OSC32_IN.Signal=RCC_OSC32_IN
PC15/OSC32_OUT.Locked=true
PC15/OSC32_OUT.Signal=RCC_OSC32_OUT
PC2.GPIOParameters=GPIO_Label
PC2.GPIO_Label=NC
PC2.Locked=true
PC2.Signal=GPIO_Input
PC3.GPIOParameters=GPIO_Label
PC3.GPIO_Label=NC
PC3.Locked=true
PC3.Signal=GPIO_Input
PC4.GPIOParameters=GPIO_Label
PC4.GPIO_Label=ADC_12V_MON
PC4.Locked=true
PC4.Signal=ADCx_IN14
PC5.GPIOParameters=GPIO_Label
PC5.GPIO_Label=I_MON
PC5.Locked=true
PC5.Signal=ADCx_IN15
PC6.GPIOParameters=GPIO_Label
PC6.GPIO_Label=VALVE10
PC6.Locked=true
PC6.Signal=S_TIM3_CH1
PC7.GPIOParameters=GPIO_Label
PC7.GPIO_Label=LED_880_L_IC
PC7.Locked=true
PC7.Signal=GPIO_Output
PC8.GPIOParameters=GPIO_Label
PC8.GPIO_Label=LED_660_L_IC
PC8.Locked=true
PC8.Signal=GPIO_Output
PC9.GPIOParameters=GPIO_Label
PC9.GPIO_Label=LED_880_S
PC9.Signal=GPIO_Output
PCC.Checker=false
PCC.Line=STM32F429/439
PCC.MCU=STM32F429B(E-G-I)Tx
PCC.PartNumber=STM32F429BITx
PCC.Seq0=0
PCC.Series=STM32F4
PCC.Temperature=25
PCC.Vdd=null
PD0.GPIOParameters=GPIO_Label
PD0.GPIO_Label=SPI3_MISO_EXTI0
PD0.Locked=true
PD0.Signal=GPXTI0
PD1.GPIOParameters=GPIO_Label
PD1.GPIO_Label=NC
PD1.Locked=true
PD1.Signal=GPIO_Input
PD10.GPIOParameters=GPIO_Label
PD10.GPIO_Label=MOTOR4_DIR
PD10.Locked=true
PD10.Signal=GPIO_Output
PD11.GPIOParameters=GPIO_Label
PD11.GPIO_Label=MOTOR4_FAULT_N
PD11.Locked=true
PD11.Signal=GPIO_Input
PD12.GPIOParameters=GPIO_Label
PD12.GPIO_Label=MOTOR4_RST_N
PD12.Locked=true
PD12.Signal=GPIO_Output
PD13.GPIOParameters=GPIO_Label
PD13.GPIO_Label=TEMP1_CTR
PD13.Locked=true
PD13.Signal=S_TIM4_CH2
PD14.GPIOParameters=GPIO_Label
PD14.GPIO_Label=MOTOR4_CURR
PD14.Locked=true
PD14.Signal=GPIO_Output
PD15.GPIOParameters=GPIO_Label
PD15.GPIO_Label=NC
PD15.Locked=true
PD15.Signal=GPIO_Input
PD2.GPIOParameters=GPIO_Label
PD2.GPIO_Label=GAIN_S_REF2
PD2.Signal=GPIO_Output
PD3.GPIOParameters=GPIO_Label
PD3.GPIO_Label=GAIN_S_REF1
PD3.Signal=GPIO_Output
PD4.GPIOParameters=GPIO_Label
PD4.GPIO_Label=NC
PD4.Locked=true
PD4.Signal=GPIO_Input
PD5.GPIOParameters=GPIO_Label
PD5.GPIO_Label=UART2_TX
PD5.Locked=true
PD5.Mode=Asynchronous
PD5.Signal=USART2_TX
PD6.GPIOParameters=GPIO_Label
PD6.GPIO_Label=UART2_RX
PD6.Locked=true
PD6.Mode=Asynchronous
PD6.Signal=USART2_RX
PD7.GPIOParameters=GPIO_Label
PD7.GPIO_Label=NC
PD7.Locked=true
PD7.Signal=GPIO_Input
PD8.GPIOParameters=GPIO_Label
PD8.GPIO_Label=MOTOR4_MODE0
PD8.Locked=true
PD8.Signal=GPIO_Output
PD9.GPIOParameters=GPIO_Label
PD9.GPIO_Label=MOTOR4_EN_N
PD9.Locked=true
PD9.Signal=GPIO_Output
PE0.GPIOParameters=GPIO_Label
PE0.GPIO_Label=NC
PE0.Locked=true
PE0.Signal=GPIO_Input
PE1.GPIOParameters=GPIO_Label
PE1.GPIO_Label=NC
PE1.Locked=true
PE1.Signal=GPIO_Input
PE10.GPIOParameters=GPIO_Label
PE10.GPIO_Label=MOTOR2_EN_N
PE10.Locked=true
PE10.Signal=GPIO_Output
PE11.GPIOParameters=GPIO_Label
PE11.GPIO_Label=MOTOR2_FAULT_N
PE11.Locked=true
PE11.Signal=GPIO_Input
PE12.GPIOParameters=GPIO_Label
PE12.GPIO_Label=MOTOR2_DIR
PE12.Locked=true
PE12.Signal=GPIO_Output
PE13.GPIOParameters=GPIO_Label
PE13.GPIO_Label=MOTOR2_CURR
PE13.Locked=true
PE13.Signal=GPIO_Output
PE14.GPIOParameters=GPIO_Label
PE14.GPIO_Label=MOTOR2_RST_N
PE14.Locked=true
PE14.Signal=GPIO_Output
PE15.GPIOParameters=GPIO_Label
PE15.GPIO_Label=NC
PE15.Locked=true
PE15.Signal=GPIO_Input
PE2.GPIOParameters=GPIO_Label
PE2.GPIO_Label=SPI4_SCK
PE2.Mode=Full_Duplex_Master
PE2.Signal=SPI4_SCK
PE3.GPIOParameters=GPIO_Label
PE3.GPIO_Label=SPI4_CS
PE3.Signal=GPIO_Output
PE4.GPIOParameters=GPIO_Label
PE4.GPIO_Label=WDI_EN
PE4.Signal=GPIO_Output
PE5.GPIOParameters=GPIO_Label
PE5.GPIO_Label=SPI4_MISO
PE5.Mode=Full_Duplex_Master
PE5.Signal=SPI4_MISO
PE6.GPIOParameters=GPIO_Label
PE6.GPIO_Label=SPI4_MOSI
PE6.Mode=Full_Duplex_Master
PE6.Signal=SPI4_MOSI
PE7.GPIOParameters=GPIO_Label
PE7.GPIO_Label=LOW_VOL_DEC1
PE7.Locked=true
PE7.Signal=GPXTI7
PE8.GPIOParameters=GPIO_Label
PE8.GPIO_Label=LOW_VOL_DEC2
PE8.Locked=true
PE8.Signal=GPXTI8
PE9.GPIOParameters=GPIO_Label
PE9.GPIO_Label=MOTOR2_MODE0
PE9.Locked=true
PE9.Signal=GPIO_Output
PF0.GPIOParameters=GPIO_Label
PF0.GPIO_Label=I2C2_SDA
PF0.Locked=true
PF0.Signal=I2C2_SDA
PF1.GPIOParameters=GPIO_Label
PF1.GPIO_Label=I2C2_SCK
PF1.Locked=true
PF1.Signal=I2C2_SCL
PF10.GPIOParameters=GPIO_Label
PF10.GPIO_Label=NC
PF10.Locked=true
PF10.Signal=GPIO_Input
PF11.GPIOParameters=GPIO_Label
PF11.GPIO_Label=NC
PF11.Locked=true
PF11.Signal=GPIO_Input
PF12.GPIOParameters=GPIO_Label
PF12.GPIO_Label=NC
PF12.Locked=true
PF12.Signal=GPIO_Input
PF13.GPIOParameters=GPIO_Label
PF13.GPIO_Label=NC
PF13.Locked=true
PF13.Signal=GPIO_Input
PF14.GPIOParameters=GPIO_Label
PF14.GPIO_Label=NC
PF14.Locked=true
PF14.Signal=GPIO_Input
PF15.GPIOParameters=GPIO_Label
PF15.GPIO_Label=NC
PF15.Locked=true
PF15.Signal=GPIO_Input
PF2.GPIOParameters=GPIO_Label
PF2.GPIO_Label=NC
PF2.Locked=true
PF2.Signal=GPIO_Input
PF3.GPIOParameters=GPIO_Label
PF3.GPIO_Label=NC
PF3.Locked=true
PF3.Signal=GPIO_Input
PF4.GPIOParameters=GPIO_Label
PF4.GPIO_Label=NC
PF4.Locked=true
PF4.Signal=GPIO_Input
PF5.GPIOParameters=GPIO_Label
PF5.GPIO_Label=SPI5_CS
PF5.Locked=true
PF5.Signal=GPIO_Output
PF6.GPIOParameters=GPIO_Label
PF6.GPIO_Label=MOTOR1_STEP
PF6.Locked=true
PF6.Signal=S_TIM10_CH1
PF7.GPIOParameters=GPIO_Label
PF7.GPIO_Label=SPI5_SCK
PF7.Locked=true
PF7.Signal=SPI5_SCK
PF8.GPIOParameters=GPIO_Label
PF8.GPIO_Label=SPI5_MISO
PF8.Locked=true
PF8.Signal=SPI5_MISO
PF9.GPIOParameters=GPIO_Label
PF9.GPIO_Label=SPI5_MOSI
PF9.Locked=true
PF9.Signal=SPI5_MOSI
PG0.GPIOParameters=GPIO_Label
PG0.GPIO_Label=NC
PG0.Locked=true
PG0.Signal=GPIO_Input
PG1.GPIOParameters=GPIO_Label
PG1.GPIO_Label=NC
PG1.Locked=true
PG1.Signal=GPIO_Input
PG10.GPIOParameters=GPIO_Label
PG10.GPIO_Label=GAIN_S_MEA1
PG10.Signal=GPIO_Output
PG11.GPIOParameters=GPIO_Label
PG11.GPIO_Label=SPI6_MISO_EXTI11
PG11.Locked=true
PG11.Signal=GPXTI11
PG12.GPIOParameters=GPIO_Label
PG12.GPIO_Label=SPI6_MISO
PG12.Mode=Full_Duplex_Master
PG12.Signal=SPI6_MISO
PG13.GPIOParameters=GPIO_Label
PG13.GPIO_Label=SPI6_SCK
PG13.Mode=Full_Duplex_Master
PG13.Signal=SPI6_SCK
PG14.GPIOParameters=GPIO_Label
PG14.GPIO_Label=SPI6_MOSI
PG14.Mode=Full_Duplex_Master
PG14.Signal=SPI6_MOSI
PG15.GPIOParameters=GPIO_Label
PG15.GPIO_Label=NC
PG15.Locked=true
PG15.Signal=GPIO_Input
PG2.GPIOParameters=GPIO_Label
PG2.GPIO_Label=NC
PG2.Locked=true
PG2.Signal=GPIO_Input
PG3.GPIOParameters=GPIO_Label
PG3.GPIO_Label=NC
PG3.Locked=true
PG3.Signal=GPIO_Input
PG4.GPIOParameters=GPIO_Label
PG4.GPIO_Label=NC
PG4.Locked=true
PG4.Signal=GPIO_Input
PG5.GPIOParameters=GPIO_Label
PG5.GPIO_Label=NC
PG5.Locked=true
PG5.Signal=GPIO_Input
PG6.GPIOParameters=GPIO_Label
PG6.GPIO_Label=NC
PG6.Locked=true
PG6.Signal=GPIO_Input
PG7.GPIOParameters=GPIO_Label
PG7.GPIO_Label=LED_880_S_IC
PG7.Locked=true
PG7.Signal=GPIO_Output
PG8.GPIOParameters=GPIO_Label
PG8.GPIO_Label=LED_660_S_IC
PG8.Locked=true
PG8.Signal=GPIO_Output
PG9.GPIOParameters=GPIO_Label
PG9.GPIO_Label=GAIN_S_MEA2
PG9.Signal=GPIO_Output
PH0/OSC_IN.Locked=true
PH0/OSC_IN.Signal=RCC_OSC_IN
PH1/OSC_OUT.Locked=true
PH1/OSC_OUT.Signal=RCC_OSC_OUT
PH10.GPIOParameters=GPIO_Label
PH10.GPIO_Label=MOTOR3_FAULT_N
PH10.Locked=true
PH10.Signal=GPIO_Input
PH11.GPIOParameters=GPIO_Label
PH11.GPIO_Label=VALVE8
PH11.Locked=true
PH11.Signal=S_TIM5_CH2
PH12.GPIOParameters=GPIO_Label
PH12.GPIO_Label=VALVE9
PH12.Locked=true
PH12.Signal=S_TIM5_CH3
PH13.GPIOParameters=GPIO_Label
PH13.GPIO_Label=LED_660_L
PH13.Signal=GPIO_Output
PH14.GPIOParameters=GPIO_Label
PH14.GPIO_Label=LED_880_L
PH14.Signal=GPIO_Output
PH15.GPIOParameters=GPIO_Label
PH15.GPIO_Label=S_H
PH15.Signal=GPIO_Output
PH2.GPIOParameters=GPIO_Label
PH2.GPIO_Label=NC
PH2.Locked=true
PH2.Signal=GPIO_Input
PH3.GPIOParameters=GPIO_Label
PH3.GPIO_Label=NC
PH3.Locked=true
PH3.Signal=GPIO_Input
PH4.GPIOParameters=GPIO_Label
PH4.GPIO_Label=LED_WORK1
PH4.Signal=GPIO_Output
PH5.GPIOParameters=GPIO_Label
PH5.GPIO_Label=LED_WORK2
PH5.Signal=GPIO_Output
PH6.GPIOParameters=GPIO_Label
PH6.GPIO_Label=MOTOR4_STEP
PH6.Locked=true
PH6.Signal=S_TIM12_CH1
PH7.GPIOParameters=GPIO_Label
PH7.GPIO_Label=MOTOR3_MODE0
PH7.Locked=true
PH7.Signal=GPIO_Output
PH8.GPIOParameters=GPIO_Label
PH8.GPIO_Label=MOTOR3_EN_N
PH8.Locked=true
PH8.Signal=GPIO_Output
PH9.GPIOParameters=GPIO_Label
PH9.GPIO_Label=MOTOR3_DIR
PH9.Locked=true
PH9.Signal=GPIO_Output
PI0.GPIOParameters=GPIO_Label
PI0.GPIO_Label=NC
PI0.Locked=true
PI0.Signal=GPIO_Input
PI1.GPIOParameters=GPIO_Label
PI1.GPIO_Label=SYNC_N
PI1.Signal=GPIO_Output
PI10.GPIOParameters=GPIO_Label
PI10.GPIO_Label=NC
PI10.Locked=true
PI10.Signal=GPIO_Input
PI11.GPIOParameters=GPIO_Label
PI11.GPIO_Label=NC
PI11.Locked=true
PI11.Signal=GPIO_Input
PI12.GPIOParameters=GPIO_Label
PI12.GPIO_Label=NC
PI12.Locked=true
PI12.Signal=GPIO_Input
PI13.GPIOParameters=GPIO_Label
PI13.GPIO_Label=NC
PI13.Locked=true
PI13.Signal=GPIO_Input
PI14.GPIOParameters=GPIO_Label
PI14.GPIO_Label=NC
PI14.Locked=true
PI14.Signal=GPIO_Input
PI15.GPIOParameters=GPIO_Label
PI15.GPIO_Label=MOTOR1_MODE0
PI15.Signal=GPIO_Output
PI2.GPIOParameters=GPIO_Label
PI2.GPIO_Label=NC
PI2.Locked=true
PI2.Signal=GPIO_Input
PI3.GPIOParameters=GPIO_Label
PI3.GPIO_Label=SPI3_CS
PI3.Signal=GPIO_Output
PI4.GPIOParameters=GPIO_Label
PI4.GPIO_Label=WDI
PI4.Signal=GPIO_Output
PI5.GPIOParameters=GPIO_Label
PI5.GPIO_Label=SW_SNS1
PI5.Locked=true
PI5.Signal=GPIO_Input
PI6.GPIOParameters=GPIO_Label
PI6.GPIO_Label=SW_SNS2
PI6.Locked=true
PI6.Signal=GPIO_Input
PI7.GPIOParameters=GPIO_Label
PI7.GPIO_Label=FAN_CTR
PI7.Signal=GPIO_Output
PI8.GPIOParameters=GPIO_Label
PI8.GPIO_Label=NC
PI8.Locked=true
PI8.Signal=GPIO_Input
PI9.GPIOParameters=GPIO_Label
PI9.GPIO_Label=NC
PI9.Locked=true
PI9.Signal=GPIO_Input
PJ0.GPIOParameters=GPIO_Label
PJ0.GPIO_Label=MOTOR1_EN_N
PJ0.Signal=GPIO_Output
PJ1.GPIOParameters=GPIO_Label
PJ1.GPIO_Label=MOTOR1_DIR
PJ1.Locked=true
PJ1.Signal=GPIO_Output
PJ10.GPIOParameters=GPIO_Label
PJ10.GPIO_Label=NC
PJ10.Locked=true
PJ10.Signal=GPIO_Input
PJ11.GPIOParameters=GPIO_Label
PJ11.GPIO_Label=NC
PJ11.Locked=true
PJ11.Signal=GPIO_Input
PJ12.GPIOParameters=GPIO_Label
PJ12.GPIO_Label=GAIN_L_REF2
PJ12.Signal=GPIO_Output
PJ13.GPIOParameters=GPIO_Label
PJ13.GPIO_Label=GAIN_L_REF1
PJ13.Signal=GPIO_Output
PJ14.GPIOParameters=GPIO_Label
PJ14.GPIO_Label=NC
PJ14.Locked=true
PJ14.Signal=GPIO_Input
PJ15.GPIOParameters=GPIO_Label
PJ15.GPIO_Label=NC
PJ15.Locked=true
PJ15.Signal=GPIO_Input
PJ2.GPIOParameters=GPIO_Label
PJ2.GPIO_Label=MOTOR1_FAULT_N
PJ2.Locked=true
PJ2.Signal=GPIO_Input
PJ3.GPIOParameters=GPIO_Label
PJ3.GPIO_Label=MOTOR1_RST_N
PJ3.Signal=GPIO_Output
PJ4.GPIOParameters=GPIO_Label
PJ4.GPIO_Label=MOTOR1_CURR
PJ4.Locked=true
PJ4.Signal=GPIO_Output
PJ5.GPIOParameters=GPIO_Label
PJ5.GPIO_Label=NC
PJ5.Locked=true
PJ5.Signal=GPIO_Input
PJ6.GPIOParameters=GPIO_Label
PJ6.GPIO_Label=NC
PJ6.Locked=true
PJ6.Signal=GPIO_Input
PJ7.GPIOParameters=GPIO_Label
PJ7.GPIO_Label=NC
PJ7.Locked=true
PJ7.Signal=GPIO_Input
PJ8.GPIOParameters=GPIO_Label
PJ8.GPIO_Label=NC
PJ8.Locked=true
PJ8.Signal=GPIO_Input
PJ9.GPIOParameters=GPIO_Label
PJ9.GPIO_Label=NC
PJ9.Locked=true
PJ9.Signal=GPIO_Input
PK0.GPIOParameters=GPIO_Label
PK0.GPIO_Label=NC
PK0.Locked=true
PK0.Signal=GPIO_Input
PK1.GPIOParameters=GPIO_Label
PK1.GPIO_Label=NC
PK1.Locked=true
PK1.Signal=GPIO_Input
PK2.GPIOParameters=GPIO_Label
PK2.GPIO_Label=NC
PK2.Locked=true
PK2.Signal=GPIO_Input
PK3.GPIOParameters=GPIO_Label
PK3.GPIO_Label=SPI6_CS
PK3.Signal=GPIO_Output
PK4.GPIOParameters=GPIO_Label
PK4.GPIO_Label=NC
PK4.Locked=true
PK4.Signal=GPIO_Input
PK5.GPIOParameters=GPIO_Label
PK5.GPIO_Label=NC
PK5.Locked=true
PK5.Signal=GPIO_Input
PK6.GPIOParameters=GPIO_Label
PK6.GPIO_Label=GAIN_L_MEA2
PK6.Signal=GPIO_Output
PK7.GPIOParameters=GPIO_Label
PK7.GPIO_Label=GAIN_L_MEA1
PK7.Signal=GPIO_Output
RCC.AHBFreq_Value=16000000
RCC.APB1Freq_Value=16000000
RCC.APB2Freq_Value=16000000
RCC.CortexFreq_Value=16000000
RCC.FamilyName=M
RCC.HSE_VALUE=25000000
RCC.HSI_VALUE=16000000
RCC.I2SClocksFreq_Value=96000000
RCC.IPParameters=AHBFreq_Value,APB1Freq_Value,APB2Freq_Value,CortexFreq_Value,FamilyName,HSE_VALUE,HSI_VALUE,I2SClocksFreq_Value,LSE_VALUE,LSI_VALUE,PLLCLKFreq_Value,PLLQCLKFreq_Value,RTCFreq_Value,RTCHSEDivFreq_Value,SYSCLKFreq_VALUE,VCOI2SOutputFreq_Value,VCOInputFreq_Value,VCOOutputFreq_Value,VCOSAIOutputFreq_Value,VCOSAIOutputFreq_ValueQ,VCOSAIOutputFreq_ValueR,VcooutputI2S,VcooutputI2SQ
RCC.LSE_VALUE=32768
RCC.LSI_VALUE=32000
RCC.PLLCLKFreq_Value=96000000
RCC.PLLQCLKFreq_Value=48000000
RCC.RTCFreq_Value=32000
RCC.RTCHSEDivFreq_Value=12500000
RCC.SYSCLKFreq_VALUE=16000000
RCC.VCOI2SOutputFreq_Value=192000000
RCC.VCOInputFreq_Value=1000000
RCC.VCOOutputFreq_Value=192000000
RCC.VCOSAIOutputFreq_Value=49000000
RCC.VCOSAIOutputFreq_ValueQ=12250000
RCC.VCOSAIOutputFreq_ValueR=24500000
RCC.VcooutputI2S=96000000
RCC.VcooutputI2SQ=96000000
SH.ADCx_IN14.0=ADC1_IN14,IN14
SH.ADCx_IN14.ConfNb=1
SH.ADCx_IN15.0=ADC1_IN15,IN15
SH.ADCx_IN15.ConfNb=1
SH.GPXTI0.0=GPIO_EXTI0
SH.GPXTI0.ConfNb=1
SH.GPXTI11.0=GPIO_EXTI11
SH.GPXTI11.ConfNb=1
SH.GPXTI7.0=GPIO_EXTI7
SH.GPXTI7.ConfNb=1
SH.GPXTI8.0=GPIO_EXTI8
SH.GPXTI8.ConfNb=1
SH.S_TIM10_CH1.0=TIM10_CH1
SH.S_TIM10_CH1.ConfNb=1
SH.S_TIM12_CH1.0=TIM12_CH1
SH.S_TIM12_CH1.ConfNb=1
SH.S_TIM13_CH1.0=TIM13_CH1
SH.S_TIM13_CH1.ConfNb=1
SH.S_TIM14_CH1.0=TIM14_CH1
SH.S_TIM14_CH1.ConfNb=1
SH.S_TIM2_CH1_ETR.0=TIM2_CH1
SH.S_TIM2_CH1_ETR.ConfNb=1
SH.S_TIM2_CH2.0=TIM2_CH2
SH.S_TIM2_CH2.ConfNb=1
SH.S_TIM2_CH3.0=TIM2_CH3
SH.S_TIM2_CH3.ConfNb=1
SH.S_TIM2_CH4.0=TIM2_CH4
SH.S_TIM2_CH4.ConfNb=1
SH.S_TIM3_CH1.0=TIM3_CH1
SH.S_TIM3_CH1.ConfNb=1
SH.S_TIM3_CH3.0=TIM3_CH3
SH.S_TIM3_CH3.ConfNb=1
SH.S_TIM3_CH4.0=TIM3_CH4
SH.S_TIM3_CH4.ConfNb=1
SH.S_TIM4_CH2.0=TIM4_CH2
SH.S_TIM4_CH2.ConfNb=1
SH.S_TIM5_CH1.0=TIM5_CH1
SH.S_TIM5_CH1.ConfNb=1
SH.S_TIM5_CH2.0=TIM5_CH2
SH.S_TIM5_CH2.ConfNb=1
SH.S_TIM5_CH3.0=TIM5_CH3
SH.S_TIM5_CH3.ConfNb=1
SPI3.CalculateBaudRate=8.0 MBits/s
SPI3.Direction=SPI_DIRECTION_2LINES
SPI3.IPParameters=Mode,CalculateBaudRate,VirtualType,Direction
SPI3.Mode=SPI_MODE_MASTER
SPI3.VirtualType=VM_MASTER
SPI4.CalculateBaudRate=8.0 MBits/s
SPI4.Direction=SPI_DIRECTION_2LINES
SPI4.IPParameters=Mode,CalculateBaudRate,VirtualType,Direction
SPI4.Mode=SPI_MODE_MASTER
SPI4.VirtualType=VM_MASTER
SPI6.CalculateBaudRate=8.0 MBits/s
SPI6.Direction=SPI_DIRECTION_2LINES
SPI6.IPParameters=Mode,CalculateBaudRate,VirtualType,Direction
SPI6.Mode=SPI_MODE_MASTER
SPI6.VirtualType=VM_MASTER
USART1.IPParameters=VirtualMode
USART1.VirtualMode=VM_ASYNC
USART2.IPParameters=VirtualMode
USART2.VirtualMode=VM_ASYNC
USART3.IPParameters=VirtualMode
USART3.VirtualMode=VM_ASYNC
VP_SYS_VS_Systick.Mode=SysTick
VP_SYS_VS_Systick.Signal=SYS_VS_Systick
