#MicroXplorer Configuration settings - do not modify
ADC1.Channel-2\#ChannelRegularConversion=ADC_CHANNEL_15
ADC1.IPParameters=Rank-2\#ChannelRegularConversion,Channel-2\#ChannelRegularConversion,SamplingTime-2\#ChannelRegularConversion,NbrOfConversionFlag,master
ADC1.NbrOfConversionFlag=1
ADC1.Rank-2\#ChannelRegularConversion=1
ADC1.SamplingTime-2\#ChannelRegularConversion=ADC_SAMPLETIME_3CYCLES
ADC1.master=1
CAN1.CalculateTimeBit=3000
CAN1.CalculateTimeQuantum=1000.0
CAN1.IPParameters=CalculateTimeQuantum,CalculateTimeBit
CAN2.CalculateTimeBit=3000
CAN2.CalculateTimeQuantum=1000.0
CAN2.IPParameters=CalculateTimeQuantum,CalculateTimeBit
CAN3.CalculateTimeBit=3000
CAN3.CalculateTimeQuantum=1000.0
CAN3.IPParameters=CalculateTimeQuantum,CalculateTimeBit
File.Version=6
KeepUserPlacement=false
Mcu.Family=STM32F4
Mcu.IP0=ADC1
Mcu.IP1=CAN1
Mcu.IP10=SPI1
Mcu.IP11=SPI2
Mcu.IP12=SPI4
Mcu.IP13=TIM1
Mcu.IP14=TIM2
Mcu.IP15=TIM3
Mcu.IP16=TIM4
Mcu.IP17=TIM5
Mcu.IP18=TIM8
Mcu.IP19=TIM9
Mcu.IP2=CAN2
Mcu.IP20=TIM10
Mcu.IP21=TIM11
Mcu.IP22=TIM12
Mcu.IP23=TIM13
Mcu.IP24=TIM14
Mcu.IP25=UART4
Mcu.IP26=UART8
Mcu.IP27=UART9
Mcu.IP28=UART10
Mcu.IP29=USART3
Mcu.IP3=CAN3
Mcu.IP30=USB_OTG_FS
Mcu.IP4=DFSDM1
Mcu.IP5=DFSDM2
Mcu.IP6=NVIC
Mcu.IP7=RCC
Mcu.IP8=RTC
Mcu.IP9=SDIO
Mcu.IPNb=31
Mcu.Name=STM32F413V(G-H)Tx
Mcu.Package=LQFP100
Mcu.Pin0=PE2
Mcu.Pin1=PE3
Mcu.Pin10=PC1
Mcu.Pin11=PC2
Mcu.Pin12=PC3
Mcu.Pin13=PA0
Mcu.Pin14=PA1
Mcu.Pin15=PA2
Mcu.Pin16=PA3
Mcu.Pin17=PA4
Mcu.Pin18=PA5
Mcu.Pin19=PA6
Mcu.Pin2=PE4
Mcu.Pin20=PA7
Mcu.Pin21=PC4
Mcu.Pin22=PC5
Mcu.Pin23=PB0
Mcu.Pin24=PB1
Mcu.Pin25=PB2
Mcu.Pin26=PE7
Mcu.Pin27=PE8
Mcu.Pin28=PE9
Mcu.Pin29=PE10
Mcu.Pin3=PE5
Mcu.Pin30=PE11
Mcu.Pin31=PE12
Mcu.Pin32=PE13
Mcu.Pin33=PE14
Mcu.Pin34=PE15
Mcu.Pin35=PB10
Mcu.Pin36=PB12
Mcu.Pin37=PB13
Mcu.Pin38=PB14
Mcu.Pin39=PB15
Mcu.Pin4=PE6
Mcu.Pin40=PD8
Mcu.Pin41=PD9
Mcu.Pin42=PD10
Mcu.Pin43=PD11
Mcu.Pin44=PD12
Mcu.Pin45=PD14
Mcu.Pin46=PD15
Mcu.Pin47=PC6
Mcu.Pin48=PC7
Mcu.Pin49=PC8
Mcu.Pin5=PC14-OSC32_IN
Mcu.Pin50=PC9
Mcu.Pin51=PA8
Mcu.Pin52=PA9
Mcu.Pin53=PA10
Mcu.Pin54=PA11
Mcu.Pin55=PA12
Mcu.Pin56=PA15
Mcu.Pin57=PC10
Mcu.Pin58=PC11
Mcu.Pin59=PC12
Mcu.Pin6=PC15-OSC32_OUT
Mcu.Pin60=PD0
Mcu.Pin61=PD1
Mcu.Pin62=PD2
Mcu.Pin63=PD3
Mcu.Pin64=PD6
Mcu.Pin65=PD7
Mcu.Pin66=PB3
Mcu.Pin67=PB4
Mcu.Pin68=PB5
Mcu.Pin69=PB6
Mcu.Pin7=PH0 - OSC_IN
Mcu.Pin70=PB8
Mcu.Pin71=PB9
Mcu.Pin72=PE0
Mcu.Pin73=PE1
Mcu.Pin74=VP_RTC_VS_RTC_Activate
Mcu.Pin75=VP_TIM4_VS_ControllerModeTrigger
Mcu.Pin76=VP_TIM10_VS_ClockSourceINT
Mcu.Pin77=VP_TIM11_VS_ClockSourceINT
Mcu.Pin78=VP_TIM13_VS_ClockSourceINT
Mcu.Pin79=VP_TIM14_VS_ClockSourceINT
Mcu.Pin8=PH1 - OSC_OUT
Mcu.Pin9=PC0
Mcu.PinsNb=80
Mcu.UserConstants=
Mcu.UserName=STM32F413VGTx
MxCube.Version=4.21.0
MxDb.Version=DB.4.0.210
NVIC.BusFault_IRQn=true\:0\:0\:false\:false\:true
NVIC.DebugMonitor_IRQn=true\:0\:0\:false\:false\:true
NVIC.HardFault_IRQn=true\:0\:0\:false\:false\:true
NVIC.MemoryManagement_IRQn=true\:0\:0\:false\:false\:true
NVIC.NonMaskableInt_IRQn=true\:0\:0\:false\:false\:true
NVIC.PendSV_IRQn=true\:0\:0\:false\:false\:true
NVIC.PriorityGroup=NVIC_PRIORITYGROUP_4
NVIC.SVCall_IRQn=true\:0\:0\:false\:false\:true
NVIC.SysTick_IRQn=true\:0\:0\:false\:false\:true
NVIC.UsageFault_IRQn=true\:0\:0\:false\:false\:true
PA0.Signal=S_TIM5_CH1
PA1.Mode=Asynchronous
PA1.Signal=UART4_RX
PA10.Signal=S_DATAIN3DFSDM2
PA11.Mode=Host_Only
PA11.Signal=USB_OTG_FS_DM
PA12.Mode=Host_Only
PA12.Signal=USB_OTG_FS_DP
PA15.Mode=Master
PA15.Signal=CAN3_TX
PA2.Signal=S_TIM9_CH1
PA3.Locked=true
PA3.Signal=ADCx_IN3
PA4.Mode=NSS_Signal_Hard_Output
PA4.Signal=SPI1_NSS
PA5.Signal=S_TIM2_CH1_ETR
PA6.Signal=S_TIM13_CH1
PA7.Signal=S_TIM14_CH1
PA8.Mode=Master
PA8.Signal=CAN3_RX
PA9.Signal=S_TIM1_CH2
PB0.Signal=ADCx_IN8
PB1.Signal=ADCx_IN9
PB10.Mode=Full_Duplex_Master
PB10.Signal=SPI2_SCK
PB12.Mode=Slave
PB12.Signal=CAN2_RX
PB13.Mode=Slave
PB13.Signal=CAN2_TX
PB14.Signal=S_TIM12_CH1
PB15.Mode=Full_Duplex_Master
PB15.Signal=SPI2_MOSI
PB2.Signal=S_CKIN0DFSDM1
PB3.Mode=Full_Duplex_Master
PB3.Signal=SPI1_SCK
PB4.Mode=Full_Duplex_Master
PB4.Signal=SPI1_MISO
PB5.Mode=Full_Duplex_Master
PB5.Signal=SPI1_MOSI
PB6.Mode=SD_4_bits_Wide_bus
PB6.Signal=SDIO_D0
PB8.Signal=S_TIM10_CH1
PB9.Signal=S_TIM11_CH1
PC0.Signal=ADCx_IN10
PC1.Signal=ADCx_IN11
PC10.Mode=SD_4_bits_Wide_bus
PC10.Signal=SDIO_D2
PC11.Mode=SD_4_bits_Wide_bus
PC11.Signal=SDIO_D3
PC12.Mode=SD_4_bits_Wide_bus
PC12.Signal=SDIO_CK
PC14-OSC32_IN.Mode=LSE-External-Oscillator
PC14-OSC32_IN.Signal=RCC_OSC32_IN
PC15-OSC32_OUT.Mode=LSE-External-Oscillator
PC15-OSC32_OUT.Signal=RCC_OSC32_OUT
PC2.Mode=Full_Duplex_Master
PC2.Signal=SPI2_MISO
PC3.Signal=ADCx_IN13
PC4.Signal=S_CKIN2DFSDM2
PC5.Signal=ADCx_IN15
PC6.Signal=S_TIM3_CH1
PC7.Signal=S_TIM8_CH2
PC8.Signal=S_CKIN3DFSDM2
PC9.Mode=SD_4_bits_Wide_bus
PC9.Signal=SDIO_D1
PCC.Checker=false
PCC.Line=STM32F413/423
PCC.MCU=STM32F413V(G-H)Tx
PCC.PartNumber=STM32F413VGTx
PCC.Seq0=0
PCC.Series=STM32F4
PCC.Temperature=25
PCC.Vdd=null
PD0.Mode=Master
PD0.Signal=CAN1_RX
PD1.Mode=Master
PD1.Signal=CAN1_TX
PD10.Mode=Asynchronous
PD10.Signal=UART4_TX
PD11.Signal=S_DATAIN2DFSDM2
PD12.Signal=S_TIM4_CH1
PD14.Mode=Asynchronous
PD14.Signal=UART9_RX
PD15.Mode=Asynchronous
PD15.Signal=UART9_TX
PD2.Mode=SD_4_bits_Wide_bus
PD2.Signal=SDIO_CMD
PD3.Signal=S_DATAIN0DFSDM1
PD6.Signal=S_DATAIN1DFSDM1
PD7.Signal=S_CKIN1DFSDM1
PD8.Mode=Asynchronous
PD8.Signal=USART3_TX
PD9.Mode=Asynchronous
PD9.Signal=USART3_RX
PE0.Mode=Asynchronous
PE0.Signal=UART8_RX
PE1.Mode=Asynchronous
PE1.Signal=UART8_TX
PE10.Signal=S_DATAIN0DFSDM2
PE11.Signal=S_CKIN0DFSDM2
PE12.Mode=Full_Duplex_Master
PE12.Signal=SPI4_SCK
PE13.Mode=Full_Duplex_Master
PE13.Signal=SPI4_MISO
PE14.Signal=S_DATAIN1DFSDM2
PE15.Signal=S_CKIN1DFSDM2
PE2.Mode=Asynchronous
PE2.Signal=UART10_RX
PE3.Mode=Asynchronous
PE3.Signal=UART10_TX
PE4.Signal=S_DATAIN3DFSDM1
PE5.Signal=S_CKIN3DFSDM1
PE6.Mode=Full_Duplex_Master
PE6.Signal=SPI4_MOSI
PE7.Signal=S_DATAIN2DFSDM1
PE8.Signal=S_CKIN2DFSDM1
PE9.Signal=S_CKOUTDFSDM1
PH0\ -\ OSC_IN.Mode=HSE-External-Oscillator
PH0\ -\ OSC_IN.Signal=RCC_OSC_IN
PH1\ -\ OSC_OUT.Mode=HSE-External-Oscillator
PH1\ -\ OSC_OUT.Signal=RCC_OSC_OUT
RCC.CortexFreq_Value=16000000
RCC.DFSDM2Freq_Value=16000000
RCC.DFSDMFreq_Value=16000000
RCC.FamilyName=M
RCC.IPParameters=CortexFreq_Value,DFSDM2Freq_Value,DFSDMFreq_Value,FamilyName,LPTimerFreq_Value,PLLCLKFreq_Value,PLLI2SQ,PLLI2SQCLKFreq_Value,PLLI2SQoutputFreq_Value,PLLI2SRCLKFreq_Value,PLLQ,PLLQCLKFreq_Value,PLLQoutputFreq_Value,PLLRCLKFreq_Value,PLLSourceVirtualString,RNGFreq_Value,SAI1AFreq_Value,SAI1BFreq_Value,SDIOFreq_Value,USBFreq_Value,VCOI2SInputFreq_Value,VCOI2SOutputFreq_Value,VCOInputFreq_Value,VCOOutputFreq_Value
RCC.LPTimerFreq_Value=16000000
RCC.PLLCLKFreq_Value=96000000
RCC.PLLI2SQ=3
RCC.PLLI2SQCLKFreq_Value=64000000
RCC.PLLI2SQoutputFreq_Value=64000000
RCC.PLLI2SRCLKFreq_Value=96000000
RCC.PLLQ=3
RCC.PLLQCLKFreq_Value=64000000
RCC.PLLQoutputFreq_Value=64000000
RCC.PLLRCLKFreq_Value=96000000
RCC.PLLSourceVirtualString=RCC_PLLSOURCE_HSI
RCC.RNGFreq_Value=64000000
RCC.SAI1AFreq_Value=16000000
RCC.SAI1BFreq_Value=16000000
RCC.SDIOFreq_Value=64000000
RCC.USBFreq_Value=64000000
RCC.VCOI2SInputFreq_Value=1000000
RCC.VCOI2SOutputFreq_Value=192000000
RCC.VCOInputFreq_Value=1000000
RCC.VCOOutputFreq_Value=192000000
SH.ADCx_IN10.0=ADC1_IN10,IN10
SH.ADCx_IN10.ConfNb=1
SH.ADCx_IN11.0=ADC1_IN11,IN11
SH.ADCx_IN11.ConfNb=1
SH.ADCx_IN13.0=ADC1_IN13,IN13
SH.ADCx_IN13.ConfNb=1
SH.ADCx_IN15.0=ADC1_IN15,IN15
SH.ADCx_IN15.ConfNb=1
SH.ADCx_IN3.0=ADC1_IN3,IN3
SH.ADCx_IN3.ConfNb=1
SH.ADCx_IN8.0=ADC1_IN8,IN8
SH.ADCx_IN8.ConfNb=1
SH.ADCx_IN9.0=ADC1_IN9,IN9
SH.ADCx_IN9.ConfNb=1
SH.S_CKIN0DFSDM1.0=DFSDM1_CKIN0,PDM_SPI_input_from_ch0_and_external_clock
SH.S_CKIN0DFSDM1.ConfNb=1
SH.S_CKIN0DFSDM2.0=DFSDM2_CKIN0,PDM_SPI_input_from_ch0_and_external_clock
SH.S_CKIN0DFSDM2.ConfNb=1
SH.S_CKIN1DFSDM1.0=DFSDM1_CKIN1,PDM_SPI_input_from_ch1_and_external_clock
SH.S_CKIN1DFSDM1.ConfNb=1
SH.S_CKIN1DFSDM2.0=DFSDM2_CKIN1,PDM_SPI_input_from_ch1_and_external_clock
SH.S_CKIN1DFSDM2.ConfNb=1
SH.S_CKIN2DFSDM1.0=DFSDM1_CKIN2,PDM_SPI_input_from_ch2_and_external_clock
SH.S_CKIN2DFSDM1.ConfNb=1
SH.S_CKIN2DFSDM2.0=DFSDM2_CKIN2,PDM_SPI_input_from_ch2_and_external_clock
SH.S_CKIN2DFSDM2.ConfNb=1
SH.S_CKIN3DFSDM1.0=DFSDM1_CKIN3,PDM_SPI_input_from_ch3_and_external_clock
SH.S_CKIN3DFSDM1.ConfNb=1
SH.S_CKIN3DFSDM2.0=DFSDM2_CKIN3,PDM_SPI_input_from_ch3_and_external_clock
SH.S_CKIN3DFSDM2.ConfNb=1
SH.S_CKOUTDFSDM1.0=DFSDM1_CKOUT,CKOUT
SH.S_CKOUTDFSDM1.ConfNb=1
SH.S_DATAIN0DFSDM1.0=DFSDM1_DATIN0,PDM_SPI_input_from_ch0_and_external_clock
SH.S_DATAIN0DFSDM1.ConfNb=1
SH.S_DATAIN0DFSDM2.0=DFSDM2_DATIN0,PDM_SPI_input_from_ch0_and_external_clock
SH.S_DATAIN0DFSDM2.ConfNb=1
SH.S_DATAIN1DFSDM1.0=DFSDM1_DATIN1,PDM_SPI_input_from_ch1_and_external_clock
SH.S_DATAIN1DFSDM1.ConfNb=1
SH.S_DATAIN1DFSDM2.0=DFSDM2_DATIN1,PDM_SPI_input_from_ch1_and_external_clock
SH.S_DATAIN1DFSDM2.ConfNb=1
SH.S_DATAIN2DFSDM1.0=DFSDM1_DATIN2,PDM_SPI_input_from_ch2_and_external_clock
SH.S_DATAIN2DFSDM1.ConfNb=1
SH.S_DATAIN2DFSDM2.0=DFSDM2_DATIN2,PDM_SPI_input_from_ch2_and_external_clock
SH.S_DATAIN2DFSDM2.ConfNb=1
SH.S_DATAIN3DFSDM1.0=DFSDM1_DATIN3,PDM_SPI_input_from_ch3_and_external_clock
SH.S_DATAIN3DFSDM1.ConfNb=1
SH.S_DATAIN3DFSDM2.0=DFSDM2_DATIN3,PDM_SPI_input_from_ch3_and_external_clock
SH.S_DATAIN3DFSDM2.ConfNb=1
SH.S_TIM10_CH1.0=TIM10_CH1,Output Compare1 CH1
SH.S_TIM10_CH1.ConfNb=1
SH.S_TIM11_CH1.0=TIM11_CH1,Output Compare1 CH1
SH.S_TIM11_CH1.ConfNb=1
SH.S_TIM12_CH1.0=TIM12_CH1,Output Compare1 CH1
SH.S_TIM12_CH1.ConfNb=1
SH.S_TIM13_CH1.0=TIM13_CH1,Output Compare1 CH1
SH.S_TIM13_CH1.ConfNb=1
SH.S_TIM14_CH1.0=TIM14_CH1,Output Compare1 CH1
SH.S_TIM14_CH1.ConfNb=1
SH.S_TIM1_CH2.0=TIM1_CH2,Output Compare2 CH2
SH.S_TIM1_CH2.ConfNb=1
SH.S_TIM2_CH1_ETR.0=TIM2_CH1,Output Compare1 CH1
SH.S_TIM2_CH1_ETR.ConfNb=1
SH.S_TIM3_CH1.0=TIM3_CH1,Output Compare1 CH1
SH.S_TIM3_CH1.ConfNb=1
SH.S_TIM4_CH1.0=TIM4_CH1,Output Compare1 CH1
SH.S_TIM4_CH1.ConfNb=1
SH.S_TIM5_CH1.0=TIM5_CH1,Output Compare1 CH1
SH.S_TIM5_CH1.ConfNb=1
SH.S_TIM8_CH2.0=TIM8_CH2,Output Compare2 CH2
SH.S_TIM8_CH2.ConfNb=1
SH.S_TIM9_CH1.0=TIM9_CH1,Output Compare1 CH1
SH.S_TIM9_CH1.ConfNb=1
SPI1.CalculateBaudRate=8.0 MBits/s
SPI1.Direction=SPI_DIRECTION_2LINES
SPI1.IPParameters=VirtualType,Mode,Direction,CalculateBaudRate,VirtualNSS
SPI1.Mode=SPI_MODE_MASTER
SPI1.VirtualNSS=VM_NSSHARD
SPI1.VirtualType=VM_MASTER
SPI2.CalculateBaudRate=8.0 MBits/s
SPI2.Direction=SPI_DIRECTION_2LINES
SPI2.IPParameters=VirtualType,Mode,Direction,CalculateBaudRate
SPI2.Mode=SPI_MODE_MASTER
SPI2.VirtualType=VM_MASTER
SPI4.CalculateBaudRate=8.0 MBits/s
SPI4.Direction=SPI_DIRECTION_2LINES
SPI4.IPParameters=VirtualType,Mode,Direction,CalculateBaudRate
SPI4.Mode=SPI_MODE_MASTER
SPI4.VirtualType=VM_MASTER
TIM1.Channel-Output\ Compare2\ CH2=TIM_CHANNEL_2
TIM1.IPParameters=Channel-Output Compare2 CH2
TIM10.Channel=TIM_CHANNEL_1
TIM10.IPParameters=Channel
TIM11.Channel=TIM_CHANNEL_1
TIM11.IPParameters=Channel
TIM12.Channel-Output\ Compare1\ CH1=TIM_CHANNEL_1
TIM12.IPParameters=Channel-Output Compare1 CH1
TIM13.Channel=TIM_CHANNEL_1
TIM13.IPParameters=Channel
TIM14.Channel=TIM_CHANNEL_1
TIM14.IPParameters=Channel
TIM2.Channel-Output\ Compare1\ CH1=TIM_CHANNEL_1
TIM2.IPParameters=Channel-Output Compare1 CH1
TIM3.Channel-Output\ Compare1\ CH1=TIM_CHANNEL_1
TIM3.IPParameters=Channel-Output Compare1 CH1
TIM5.Channel-Output\ Compare1\ CH1=TIM_CHANNEL_1
TIM5.IPParameters=Channel-Output Compare1 CH1
TIM8.Channel-Output\ Compare2\ CH2=TIM_CHANNEL_2
TIM8.IPParameters=Channel-Output Compare2 CH2
TIM9.Channel-Output\ Compare1\ CH1=TIM_CHANNEL_1
TIM9.IPParameters=Channel-Output Compare1 CH1
UART10.IPParameters=VirtualMode
UART10.VirtualMode=Asynchronous
UART4.IPParameters=VirtualMode
UART4.VirtualMode=Asynchronous
UART8.IPParameters=VirtualMode
UART8.VirtualMode=Asynchronous
UART9.IPParameters=VirtualMode
UART9.VirtualMode=Asynchronous
USART3.IPParameters=VirtualMode
USART3.VirtualMode=VM_ASYNC
USB_OTG_FS.IPParameters=VirtualMode,phy_itface
USB_OTG_FS.VirtualMode=Host_Only
USB_OTG_FS.phy_itface=HCD_PHY_EMBEDDED
VP_RTC_VS_RTC_Activate.Mode=RTC_Enabled
VP_RTC_VS_RTC_Activate.Signal=RTC_VS_RTC_Activate
VP_TIM10_VS_ClockSourceINT.Mode=Enable_Timer
VP_TIM10_VS_ClockSourceINT.Signal=TIM10_VS_ClockSourceINT
VP_TIM11_VS_ClockSourceINT.Mode=Enable_Timer
VP_TIM11_VS_ClockSourceINT.Signal=TIM11_VS_ClockSourceINT
VP_TIM13_VS_ClockSourceINT.Mode=Enable_Timer
VP_TIM13_VS_ClockSourceINT.Signal=TIM13_VS_ClockSourceINT
VP_TIM14_VS_ClockSourceINT.Mode=Enable_Timer
VP_TIM14_VS_ClockSourceINT.Signal=TIM14_VS_ClockSourceINT
VP_TIM4_VS_ControllerModeTrigger.Mode=Trigger Mode
VP_TIM4_VS_ControllerModeTrigger.Signal=TIM4_VS_ControllerModeTrigger
